{
  "version": 4,
  "terraform_version": "1.5.7",
  "serial": 43,
  "lineage": "86ba25e7-d363-5ae4-88ef-3f96ce9969f3",
  "outputs": {
    "container_image": {
      "value": "us-central1-docker.pkg.dev/andresousa-pso-upskilling/cloud-functions/chuck-norris-jokes:896386a1",
      "type": "string"
    },
    "function_url": {
      "value": "https://us-central1-andresousa-pso-upskilling.cloudfunctions.net/chuck-norris-jokes",
      "type": "string"
    }
  },
  "resources": [
    {
      "mode": "data",
      "type": "archive_file",
      "name": "function_source",
      "provider": "provider[\"registry.terraform.io/hashicorp/archive\"]",
      "instances": [
        {
          "schema_version": 0,
          "attributes": {
            "exclude_symlink_directories": null,
            "excludes": null,
            "id": "78aa8e1b3ed95301befd014ca509557b87620641",
            "output_base64sha256": "aj5LgV+r8AkvEFH3gMfOGiNNot8f4K0rHxmjekAabxw=",
            "output_base64sha512": "sVWIii6+SOXWHJHebajTu/VF83T2r+byccE+5CGUeHdT1rSeT3eWYDRx8VbIBkLJhYjd1xVUx2ObBktURFx/xQ==",
            "output_file_mode": null,
            "output_md5": "32bf1e138b167a23d85ccb52a8779eda",
            "output_path": "./function-source.zip",
            "output_sha": "78aa8e1b3ed95301befd014ca509557b87620641",
            "output_sha256": "6a3e4b815fabf0092f1051f780c7ce1a234da2df1fe0ad2b1f19a37a401a6f1c",
            "output_sha512": "b155888a2ebe48e5d61c91de6da8d3bbf545f374f6afe6f271c13ee42194787753d6b49e4f7796603471f156c80642c98588ddd71554c7639b064b54445c7fc5",
            "output_size": 1681,
            "source": [],
            "source_content": null,
            "source_content_filename": null,
            "source_dir": "./function-source",
            "source_file": null,
            "type": "zip"
          },
          "sensitive_attributes": []
        }
      ]
    },
    {
      "mode": "managed",
      "type": "google_artifact_registry_repository",
      "name": "function_repo",
      "provider": "provider[\"registry.terraform.io/hashicorp/google\"]",
      "instances": [
        {
          "schema_version": 0,
          "attributes": {
            "cleanup_policies": [],
            "cleanup_policy_dry_run": false,
            "create_time": "2025-02-24T19:19:41.442813Z",
            "description": "Docker repository for Cloud Functions",
            "docker_config": [],
            "effective_labels": {
              "goog-terraform-provisioned": "true"
            },
            "format": "DOCKER",
            "id": "projects/andresousa-pso-upskilling/locations/us-central1/repositories/cloud-functions-eneva",
            "kms_key_name": "",
            "labels": null,
            "location": "us-central1",
            "maven_config": [],
            "mode": "STANDARD_REPOSITORY",
            "name": "cloud-functions-eneva",
            "project": "andresousa-pso-upskilling",
            "remote_repository_config": [],
            "repository_id": "cloud-functions-eneva",
            "terraform_labels": {
              "goog-terraform-provisioned": "true"
            },
            "timeouts": null,
            "update_time": "2025-02-24T19:19:41.442813Z",
            "virtual_repository_config": [],
            "vulnerability_scanning_config": [
              {
                "enablement_config": "",
                "enablement_state": "SCANNING_DISABLED",
                "enablement_state_reason": "API containerscanning.googleapis.com is not enabled."
              }
            ]
          },
          "sensitive_attributes": [],
          "private": "eyJlMmJmYjczMC1lY2FhLTExZTYtOGY4OC0zNDM2M2JjN2M0YzAiOnsiY3JlYXRlIjoxMjAwMDAwMDAwMDAwLCJkZWxldGUiOjEyMDAwMDAwMDAwMDAsInVwZGF0ZSI6MTIwMDAwMDAwMDAwMH19"
        }
      ]
    },
    {
      "mode": "managed",
      "type": "google_cloud_run_service_iam_member",
      "name": "invoker",
      "provider": "provider[\"registry.terraform.io/hashicorp/google\"]",
      "instances": [
        {
          "schema_version": 0,
          "attributes": {
            "condition": [],
            "etag": "BwYu6EC+egM=",
            "id": "v1/projects/andresousa-pso-upskilling/locations/us-central1/services/chuck-norris-jokes/roles/run.invoker/allUsers",
            "location": "us-central1",
            "member": "allUsers",
            "project": "andresousa-pso-upskilling",
            "role": "roles/run.invoker",
            "service": "v1/projects/andresousa-pso-upskilling/locations/us-central1/services/chuck-norris-jokes"
          },
          "sensitive_attributes": [],
          "private": "bnVsbA==",
          "dependencies": [
            "google_artifact_registry_repository.function_repo",
            "google_cloudfunctions2_function.function",
            "google_storage_bucket.temp_bucket",
            "google_storage_bucket_object.function_source",
            "local_file.dockerfile",
            "local_file.function_index",
            "local_file.function_package_json",
            "null_resource.docker_build_push",
            "random_id.function_id"
          ]
        }
      ]
    },
    {
      "mode": "managed",
      "type": "google_cloudfunctions2_function",
      "name": "function",
      "provider": "provider[\"registry.terraform.io/hashicorp/google\"]",
      "instances": [
        {
          "schema_version": 0,
          "attributes": {
            "build_config": [
              {
                "automatic_update_policy": [
                  {}
                ],
                "build": "projects/1075826705952/locations/us-central1/builds/3d985e44-6c7d-41eb-83a2-8a580a000132",
                "docker_repository": "projects/andresousa-pso-upskilling/locations/us-central1/repositories/gcf-artifacts",
                "entry_point": "getRandomJoke",
                "environment_variables": {},
                "on_deploy_update_policy": [],
                "runtime": "nodejs20",
                "service_account": "projects/andresousa-pso-upskilling/serviceAccounts/1075826705952-compute@developer.gserviceaccount.com",
                "source": [
                  {
                    "repo_source": [],
                    "storage_source": [
                      {
                        "bucket": "andresousa-pso-upskilling-function-temp",
                        "generation": 1740424799855454,
                        "object": "function-source-32bf1e138b167a23d85ccb52a8779eda.zip"
                      }
                    ]
                  }
                ],
                "worker_pool": ""
              }
            ],
            "description": "Cloud Function that returns random Chuck Norris jokes",
            "effective_labels": {
              "goog-terraform-provisioned": "true"
            },
            "environment": "GEN_2",
            "event_trigger": [],
            "id": "projects/andresousa-pso-upskilling/locations/us-central1/functions/chuck-norris-jokes",
            "kms_key_name": "",
            "labels": null,
            "location": "us-central1",
            "name": "chuck-norris-jokes",
            "project": "andresousa-pso-upskilling",
            "service_config": [
              {
                "all_traffic_on_latest_revision": true,
                "available_cpu": "0.1666",
                "available_memory": "256M",
                "environment_variables": {
                  "LOG_EXECUTION_ID": "true",
                  "NODE_ENV": "production"
                },
                "gcf_uri": "",
                "ingress_settings": "ALLOW_ALL",
                "max_instance_count": 1,
                "max_instance_request_concurrency": 1,
                "min_instance_count": 0,
                "secret_environment_variables": [],
                "secret_volumes": [],
                "service": "projects/andresousa-pso-upskilling/locations/us-central1/services/chuck-norris-jokes",
                "service_account_email": "1075826705952-compute@developer.gserviceaccount.com",
                "timeout_seconds": 60,
                "uri": "https://chuck-norris-jokes-xxztp26via-uc.a.run.app",
                "vpc_connector": "",
                "vpc_connector_egress_settings": ""
              }
            ],
            "state": "ACTIVE",
            "terraform_labels": {
              "goog-terraform-provisioned": "true"
            },
            "timeouts": null,
            "update_time": "2025-02-24T19:21:47.590372158Z",
            "url": "https://us-central1-andresousa-pso-upskilling.cloudfunctions.net/chuck-norris-jokes"
          },
          "sensitive_attributes": [],
          "private": "eyJlMmJmYjczMC1lY2FhLTExZTYtOGY4OC0zNDM2M2JjN2M0YzAiOnsiY3JlYXRlIjozNjAwMDAwMDAwMDAwLCJkZWxldGUiOjM2MDAwMDAwMDAwMDAsInVwZGF0ZSI6MzYwMDAwMDAwMDAwMH19",
          "dependencies": [
            "google_artifact_registry_repository.function_repo",
            "google_storage_bucket.temp_bucket",
            "google_storage_bucket_object.function_source",
            "local_file.dockerfile",
            "local_file.function_index",
            "local_file.function_package_json",
            "null_resource.docker_build_push",
            "random_id.function_id"
          ]
        }
      ]
    },
    {
      "mode": "managed",
      "type": "google_storage_bucket",
      "name": "temp_bucket",
      "provider": "provider[\"registry.terraform.io/hashicorp/google\"]",
      "instances": [
        {
          "schema_version": 3,
          "attributes": {
            "autoclass": [],
            "cors": [],
            "custom_placement_config": [],
            "default_event_based_hold": false,
            "effective_labels": {
              "goog-terraform-provisioned": "true"
            },
            "enable_object_retention": false,
            "encryption": [],
            "force_destroy": false,
            "hierarchical_namespace": [
              {
                "enabled": false
              }
            ],
            "id": "andresousa-pso-upskilling-function-temp",
            "labels": {},
            "lifecycle_rule": [],
            "location": "US-CENTRAL1",
            "logging": [],
            "name": "andresousa-pso-upskilling-function-temp",
            "project": "andresousa-pso-upskilling",
            "project_number": 1075826705952,
            "public_access_prevention": "inherited",
            "requester_pays": false,
            "retention_policy": [],
            "rpo": null,
            "self_link": "https://www.googleapis.com/storage/v1/b/andresousa-pso-upskilling-function-temp",
            "soft_delete_policy": [
              {
                "effective_time": "2025-02-24T19:15:19.675Z",
                "retention_duration_seconds": 604800
              }
            ],
            "storage_class": "STANDARD",
            "terraform_labels": {
              "goog-terraform-provisioned": "true"
            },
            "timeouts": null,
            "uniform_bucket_level_access": true,
            "url": "gs://andresousa-pso-upskilling-function-temp",
            "versioning": [],
            "website": []
          },
          "sensitive_attributes": [],
          "private": "eyJlMmJmYjczMC1lY2FhLTExZTYtOGY4OC0zNDM2M2JjN2M0YzAiOnsiY3JlYXRlIjo2MDAwMDAwMDAwMDAsInJlYWQiOjI0MDAwMDAwMDAwMCwidXBkYXRlIjoyNDAwMDAwMDAwMDB9LCJzY2hlbWFfdmVyc2lvbiI6IjMifQ=="
        }
      ]
    },
    {
      "mode": "managed",
      "type": "google_storage_bucket_object",
      "name": "function_source",
      "provider": "provider[\"registry.terraform.io/hashicorp/google\"]",
      "instances": [
        {
          "schema_version": 0,
          "attributes": {
            "bucket": "andresousa-pso-upskilling-function-temp",
            "cache_control": "",
            "content": null,
            "content_disposition": "",
            "content_encoding": "",
            "content_language": "",
            "content_type": "application/zip",
            "crc32c": "dfMxRA==",
            "customer_encryption": [],
            "detect_md5hash": "Mr8eE4sWeiPYXMtSqHee2g==",
            "event_based_hold": false,
            "generation": 1740424520447819,
            "id": "andresousa-pso-upskilling-function-temp-function-source-32bf1e138b167a23d85ccb52a8779eda.zip",
            "kms_key_name": "",
            "md5hash": "Mr8eE4sWeiPYXMtSqHee2g==",
            "media_link": "https://storage.googleapis.com/download/storage/v1/b/andresousa-pso-upskilling-function-temp/o/function-source-32bf1e138b167a23d85ccb52a8779eda.zip?generation=1740424520447819\u0026alt=media",
            "metadata": {},
            "name": "function-source-32bf1e138b167a23d85ccb52a8779eda.zip",
            "output_name": "function-source-32bf1e138b167a23d85ccb52a8779eda.zip",
            "retention": [],
            "self_link": "https://www.googleapis.com/storage/v1/b/andresousa-pso-upskilling-function-temp/o/function-source-32bf1e138b167a23d85ccb52a8779eda.zip",
            "source": "./function-source.zip",
            "storage_class": "STANDARD",
            "temporary_hold": false,
            "timeouts": null
          },
          "sensitive_attributes": [],
          "private": "eyJlMmJmYjczMC1lY2FhLTExZTYtOGY4OC0zNDM2M2JjN2M0YzAiOnsiY3JlYXRlIjoyNDAwMDAwMDAwMDAsImRlbGV0ZSI6MjQwMDAwMDAwMDAwLCJ1cGRhdGUiOjI0MDAwMDAwMDAwMH19",
          "dependencies": [
            "data.archive_file.function_source",
            "google_storage_bucket.temp_bucket",
            "local_file.dockerfile",
            "local_file.function_index",
            "local_file.function_package_json"
          ]
        }
      ]
    },
    {
      "mode": "managed",
      "type": "local_file",
      "name": "dockerfile",
      "provider": "provider[\"registry.terraform.io/hashicorp/local\"]",
      "instances": [
        {
          "schema_version": 0,
          "attributes": {
            "content": "FROM node:20-slim\n\nWORKDIR /usr/src/app\n\n# Copy package.json and package-lock.json\nCOPY package*.json ./\n\n# Install dependencies\nRUN npm install --only=production\n\n# Copy function code\nCOPY . .\n\n# Configure the container\nENV NODE_ENV production\nENV PORT 8080\n\n# Run the web service on container startup\nCMD [ \"node\", \"-e\", \"const http = require('http'); const { getRandomJoke } = require('./index'); const server = http.createServer((req, res) =\u003e { getRandomJoke(req, res); }); server.listen(process.env.PORT);\" ]\n",
            "content_base64": null,
            "content_base64sha256": "+/9wC3PwXbs9YqhWHdoB0UwSg5S7WqEFI28wFGhKhOw=",
            "content_base64sha512": "QwpTnpE6eycJb0tXEidHvDyOF0iJx9mDWdwFz3mNEvrz2ZPcu0ZFg466tlP+6iBDMOa5C13GBMkA7hcgCBjFZA==",
            "content_md5": "1e22d8dd340830a1e0e213204e36241e",
            "content_sha1": "1b8c756af7d9530f76efcd17f6771c97f338672a",
            "content_sha256": "fbff700b73f05dbb3d62a8561dda01d14c128394bb5aa105236f3014684a84ec",
            "content_sha512": "430a539e913a7b27096f4b57122747bc3c8e174889c7d98359dc05cf798d12faf3d993dcbb4645838ebab653feea204330e6b90b5dc604c900ee17200818c564",
            "directory_permission": "0777",
            "file_permission": "0777",
            "filename": "./function-source/Dockerfile",
            "id": "1b8c756af7d9530f76efcd17f6771c97f338672a",
            "sensitive_content": null,
            "source": null
          },
          "sensitive_attributes": [],
          "dependencies": [
            "local_file.function_index",
            "local_file.function_package_json"
          ]
        }
      ]
    },
    {
      "mode": "managed",
      "type": "local_file",
      "name": "function_index",
      "provider": "provider[\"registry.terraform.io/hashicorp/local\"]",
      "instances": [
        {
          "schema_version": 0,
          "attributes": {
            "content": "/**\n * Cloud Function that returns a random Chuck Norris joke\n * \n * @param {Object} req Cloud Function request context\n * @param {Object} res Cloud Function response context\n */\nexports.getRandomJoke = (req, res) =\u003e {\n  // CORS headers\n  res.set('Access-Control-Allow-Origin', '*');\n  \n  if (req.method === 'OPTIONS') {\n    // Handle preflight requests\n    res.set('Access-Control-Allow-Methods', 'GET');\n    res.set('Access-Control-Allow-Headers', 'Content-Type');\n    res.set('Access-Control-Max-Age', '3600');\n    res.status(204).send('');\n    return;\n  }\n  \n  // Array of Chuck Norris jokes\n  const jokes = [\n    \"Chuck Norris doesn't read books. He stares them down until he gets the information he wants.\",\n    \"Time waits for no man. Unless that man is Chuck Norris.\",\n    \"If you spell Chuck Norris in Scrabble, you win. Forever.\",\n    \"Chuck Norris can divide by zero.\",\n    \"When Chuck Norris does a pushup, he isn't lifting himself up, he's pushing the Earth down.\",\n    \"Chuck Norris is the reason why Waldo is hiding.\",\n    \"Chuck Norris counted to infinity... twice.\",\n    \"Chuck Norris doesn't wear a watch. HE decides what time it is.\",\n    \"Chuck Norris can slam a revolving door.\",\n    \"Chuck Norris doesn't call the wrong number. You answer the wrong phone.\",\n    \"Chuck Norris can delete the Recycling Bin.\",\n    \"Chuck Norris can win a game of Connect Four in only three moves.\",\n    \"When the Boogeyman goes to sleep every night, he checks his closet for Chuck Norris.\",\n    \"Chuck Norris once kicked a horse in the chin. Its descendants are now called giraffes.\"\n  ];\n  \n  // Get a random joke\n  const randomJoke = jokes[Math.floor(Math.random() * jokes.length)];\n  \n  // Send the joke\n  res.status(200).json({\n    joke: randomJoke\n  });\n};\n",
            "content_base64": null,
            "content_base64sha256": "3pTgCOqfpKBpoDr7m29h13hj1KxMBZ6s4Mo7GbRv9MI=",
            "content_base64sha512": "C5khUsrVqbIRGO5b31PfSg+8HrnrSsFT0eyylewoRcE8lVqrORVSO8G+Z3lV6kgXsDbAkpyUqN2I+tLhAcKyUg==",
            "content_md5": "ce40875ef807c98acff4610460b81410",
            "content_sha1": "a27148cf6787d051846ae525afb5ec1a8283d533",
            "content_sha256": "de94e008ea9fa4a069a03afb9b6f61d77863d4ac4c059eace0ca3b19b46ff4c2",
            "content_sha512": "0b992152cad5a9b21118ee5bdf53df4a0fbc1eb9eb4ac153d1ecb295ec2845c13c955aab3915523bc1be677955ea4817b036c0929c94a8dd88fad2e101c2b252",
            "directory_permission": "0777",
            "file_permission": "0777",
            "filename": "./function-source/index.js",
            "id": "a27148cf6787d051846ae525afb5ec1a8283d533",
            "sensitive_content": null,
            "source": null
          },
          "sensitive_attributes": []
        }
      ]
    },
    {
      "mode": "managed",
      "type": "local_file",
      "name": "function_package_json",
      "provider": "provider[\"registry.terraform.io/hashicorp/local\"]",
      "instances": [
        {
          "schema_version": 0,
          "attributes": {
            "content": "{\n  \"name\": \"chuck-norris-jokes\",\n  \"version\": \"1.0.0\",\n  \"description\": \"A Cloud Function that returns random Chuck Norris jokes\",\n  \"main\": \"index.js\",\n  \"engines\": {\n    \"node\": \"\u003e=20.0.0\"\n  },\n  \"dependencies\": {},\n  \"private\": true\n}\n",
            "content_base64": null,
            "content_base64sha256": "7lIDUGB7xNRd1JV+5cX/4ahto1PwSMwKsvFoJUUoF6M=",
            "content_base64sha512": "xTHg6xQPdStHsgC0LAPVKCZPWZb2cACKdzZ+RtZAKPP42QeH1QeLZka34RkGLVVswvDtyyqjN9ZR5b3u4yVEnQ==",
            "content_md5": "350732eb0173e2b3d756c7c4d0464621",
            "content_sha1": "938e5eb3bed4ffdaa38ce378c036b24109fcb19e",
            "content_sha256": "ee520350607bc4d45dd4957ee5c5ffe1a86da353f048cc0ab2f16825452817a3",
            "content_sha512": "c531e0eb140f752b47b200b42c03d528264f5996f670008a77367e46d64028f3f8d90787d5078b6646b7e119062d556cc2f0edcb2aa337d651e5bdeee325449d",
            "directory_permission": "0777",
            "file_permission": "0777",
            "filename": "./function-source/package.json",
            "id": "938e5eb3bed4ffdaa38ce378c036b24109fcb19e",
            "sensitive_content": null,
            "source": null
          },
          "sensitive_attributes": [],
          "dependencies": [
            "local_file.function_index"
          ]
        }
      ]
    },
    {
      "mode": "managed",
      "type": "null_resource",
      "name": "docker_build_push",
      "provider": "provider[\"registry.terraform.io/hashicorp/null\"]",
      "instances": [
        {
          "schema_version": 0,
          "attributes": {
            "id": "6493431511986210079",
            "triggers": {
              "dockerfile_change": "FROM node:20-slim\n\nWORKDIR /usr/src/app\n\n# Copy package.json and package-lock.json\nCOPY package*.json ./\n\n# Install dependencies\nRUN npm install --only=production\n\n# Copy function code\nCOPY . .\n\n# Configure the container\nENV NODE_ENV production\nENV PORT 8080\n\n# Run the web service on container startup\nCMD [ \"node\", \"-e\", \"const http = require('http'); const { getRandomJoke } = require('./index'); const server = http.createServer((req, res) =\u003e { getRandomJoke(req, res); }); server.listen(process.env.PORT);\" ]\n",
              "function_code_change": "/**\n * Cloud Function that returns a random Chuck Norris joke\n * \n * @param {Object} req Cloud Function request context\n * @param {Object} res Cloud Function response context\n */\nexports.getRandomJoke = (req, res) =\u003e {\n  // CORS headers\n  res.set('Access-Control-Allow-Origin', '*');\n  \n  if (req.method === 'OPTIONS') {\n    // Handle preflight requests\n    res.set('Access-Control-Allow-Methods', 'GET');\n    res.set('Access-Control-Allow-Headers', 'Content-Type');\n    res.set('Access-Control-Max-Age', '3600');\n    res.status(204).send('');\n    return;\n  }\n  \n  // Array of Chuck Norris jokes\n  const jokes = [\n    \"Chuck Norris doesn't read books. He stares them down until he gets the information he wants.\",\n    \"Time waits for no man. Unless that man is Chuck Norris.\",\n    \"If you spell Chuck Norris in Scrabble, you win. Forever.\",\n    \"Chuck Norris can divide by zero.\",\n    \"When Chuck Norris does a pushup, he isn't lifting himself up, he's pushing the Earth down.\",\n    \"Chuck Norris is the reason why Waldo is hiding.\",\n    \"Chuck Norris counted to infinity... twice.\",\n    \"Chuck Norris doesn't wear a watch. HE decides what time it is.\",\n    \"Chuck Norris can slam a revolving door.\",\n    \"Chuck Norris doesn't call the wrong number. You answer the wrong phone.\",\n    \"Chuck Norris can delete the Recycling Bin.\",\n    \"Chuck Norris can win a game of Connect Four in only three moves.\",\n    \"When the Boogeyman goes to sleep every night, he checks his closet for Chuck Norris.\",\n    \"Chuck Norris once kicked a horse in the chin. Its descendants are now called giraffes.\"\n  ];\n  \n  // Get a random joke\n  const randomJoke = jokes[Math.floor(Math.random() * jokes.length)];\n  \n  // Send the joke\n  res.status(200).json({\n    joke: randomJoke\n  });\n};\n",
              "package_json_change": "{\n  \"name\": \"chuck-norris-jokes\",\n  \"version\": \"1.0.0\",\n  \"description\": \"A Cloud Function that returns random Chuck Norris jokes\",\n  \"main\": \"index.js\",\n  \"engines\": {\n    \"node\": \"\u003e=20.0.0\"\n  },\n  \"dependencies\": {},\n  \"private\": true\n}\n",
              "random_id": "896386a1"
            }
          },
          "sensitive_attributes": [],
          "dependencies": [
            "google_artifact_registry_repository.function_repo",
            "local_file.dockerfile",
            "local_file.function_index",
            "local_file.function_package_json",
            "random_id.function_id"
          ]
        }
      ]
    },
    {
      "mode": "managed",
      "type": "random_id",
      "name": "function_id",
      "provider": "provider[\"registry.terraform.io/hashicorp/random\"]",
      "instances": [
        {
          "schema_version": 0,
          "attributes": {
            "b64_std": "iWOGoQ==",
            "b64_url": "iWOGoQ",
            "byte_length": 4,
            "dec": "2305001121",
            "hex": "896386a1",
            "id": "iWOGoQ",
            "keepers": null,
            "prefix": null
          },
          "sensitive_attributes": []
        }
      ]
    }
  ],
  "check_results": null
}
