{
  "version": 4,
  "terraform_version": "1.5.7",
  "serial": 13,
  "lineage": "9b564f80-7195-b5b1-f13a-d28fceba6535",
  "outputs": {
    "function_url": {
      "value": "https://us-central1-andresousa-pso-upskilling.cloudfunctions.net/chuck-norris-jokes",
      "type": "string"
    }
  },
  "resources": [
    {
      "mode": "data",
      "type": "archive_file",
      "name": "source",
      "provider": "provider[\"registry.terraform.io/hashicorp/archive\"]",
      "instances": [
        {
          "schema_version": 0,
          "attributes": {
            "exclude_symlink_directories": null,
            "excludes": null,
            "id": "e8edcf6f12c4ef8623b411b50d2810f0deb69c1c",
            "output_base64sha256": "UQkcsQJ304uSE7vqT9IUwY8MyWasbBlmuIbkPDHDpd0=",
            "output_base64sha512": "sURkIKbj8MrKEwwmKktZmn3kWYpAU/IAKz/dRMamKJZ53rROysmNYNaP2O+n2gs6aSLUL2jqjDmv2JclIBp/Iw==",
            "output_file_mode": null,
            "output_md5": "4f1c8ee1d6e2285a800835c687a8ae20",
            "output_path": "./function-source.zip",
            "output_sha": "e8edcf6f12c4ef8623b411b50d2810f0deb69c1c",
            "output_sha256": "51091cb10277d38b9213bbea4fd214c18f0cc966ac6c1966b886e43c31c3a5dd",
            "output_sha512": "b1446420a6e3f0caca130c262a4b599a7de4598a4053f2002b3fdd44c6a6289679deb44ecac98d60d68fd8efa7da0b3a6922d42f68ea8c39afd89725201a7f23",
            "output_size": 1243,
            "source": [],
            "source_content": null,
            "source_content_filename": null,
            "source_dir": "./function-source",
            "source_file": null,
            "type": "zip"
          },
          "sensitive_attributes": []
        }
      ]
    },
    {
      "mode": "managed",
      "type": "google_cloudfunctions_function",
      "name": "chuck_norris_jokes",
      "provider": "provider[\"registry.terraform.io/hashicorp/google\"]",
      "instances": [
        {
          "schema_version": 0,
          "attributes": {
            "available_memory_mb": 128,
            "build_environment_variables": null,
            "build_service_account": "projects/andresousa-pso-upskilling/serviceAccounts/1075826705952-compute@developer.gserviceaccount.com",
            "build_worker_pool": "",
            "description": "Function that returns random Chuck Norris jokes",
            "docker_registry": "ARTIFACT_REGISTRY",
            "docker_repository": "",
            "effective_labels": {
              "goog-terraform-provisioned": "true"
            },
            "entry_point": "getRandomJoke",
            "environment_variables": {
              "NODE_ENV": "production"
            },
            "event_trigger": [],
            "https_trigger_security_level": "SECURE_OPTIONAL",
            "https_trigger_url": "https://us-central1-andresousa-pso-upskilling.cloudfunctions.net/chuck-norris-jokes",
            "id": "projects/andresousa-pso-upskilling/locations/us-central1/functions/chuck-norris-jokes",
            "ingress_settings": "ALLOW_ALL",
            "kms_key_name": "",
            "labels": {},
            "max_instances": 0,
            "min_instances": 0,
            "name": "chuck-norris-jokes",
            "project": "andresousa-pso-upskilling",
            "region": "us-central1",
            "runtime": "nodejs14",
            "secret_environment_variables": [],
            "secret_volumes": [],
            "service_account_email": "andresousa-pso-upskilling@appspot.gserviceaccount.com",
            "source_archive_bucket": "andresousa-pso-upskilling-function-bucket",
            "source_archive_object": "function-source-4f1c8ee1d6e2285a800835c687a8ae20.zip",
            "source_repository": [],
            "status": "ACTIVE",
            "terraform_labels": {
              "goog-terraform-provisioned": "true"
            },
            "timeout": 60,
            "timeouts": null,
            "trigger_http": true,
            "version_id": "2",
            "vpc_connector": "",
            "vpc_connector_egress_settings": ""
          },
          "sensitive_attributes": [],
          "private": "eyJlMmJmYjczMC1lY2FhLTExZTYtOGY4OC0zNDM2M2JjN2M0YzAiOnsiY3JlYXRlIjoxMjAwMDAwMDAwMDAwLCJkZWxldGUiOjEyMDAwMDAwMDAwMDAsInJlYWQiOjEyMDAwMDAwMDAwMDAsInVwZGF0ZSI6MTIwMDAwMDAwMDAwMH19",
          "dependencies": [
            "data.archive_file.source",
            "google_storage_bucket.function_bucket",
            "google_storage_bucket_object.function_code"
          ]
        }
      ]
    },
    {
      "mode": "managed",
      "type": "google_cloudfunctions_function_iam_member",
      "name": "invoker",
      "provider": "provider[\"registry.terraform.io/hashicorp/google\"]",
      "instances": [
        {
          "schema_version": 0,
          "attributes": {
            "cloud_function": "projects/andresousa-pso-upskilling/locations/us-central1/functions/chuck-norris-jokes",
            "condition": [],
            "etag": "BwYu4+ceyes=",
            "id": "projects/andresousa-pso-upskilling/locations/us-central1/functions/chuck-norris-jokes/roles/cloudfunctions.invoker/allUsers",
            "member": "allUsers",
            "project": "andresousa-pso-upskilling",
            "region": "us-central1",
            "role": "roles/cloudfunctions.invoker"
          },
          "sensitive_attributes": [],
          "private": "bnVsbA==",
          "dependencies": [
            "data.archive_file.source",
            "google_cloudfunctions_function.chuck_norris_jokes",
            "google_storage_bucket.function_bucket",
            "google_storage_bucket_object.function_code"
          ]
        }
      ]
    },
    {
      "mode": "managed",
      "type": "google_storage_bucket",
      "name": "function_bucket",
      "provider": "provider[\"registry.terraform.io/hashicorp/google\"]",
      "instances": [
        {
          "schema_version": 3,
          "attributes": {
            "autoclass": [],
            "cors": [],
            "custom_placement_config": [],
            "default_event_based_hold": false,
            "effective_labels": {
              "goog-terraform-provisioned": "true"
            },
            "enable_object_retention": false,
            "encryption": [],
            "force_destroy": false,
            "hierarchical_namespace": [
              {
                "enabled": false
              }
            ],
            "id": "andresousa-pso-upskilling-function-bucket",
            "labels": {},
            "lifecycle_rule": [],
            "location": "US-CENTRAL1",
            "logging": [],
            "name": "andresousa-pso-upskilling-function-bucket",
            "project": "andresousa-pso-upskilling",
            "project_number": 1075826705952,
            "public_access_prevention": "inherited",
            "requester_pays": false,
            "retention_policy": [],
            "rpo": null,
            "self_link": "https://www.googleapis.com/storage/v1/b/andresousa-pso-upskilling-function-bucket",
            "soft_delete_policy": [
              {
                "effective_time": "2025-02-24T14:00:23.469Z",
                "retention_duration_seconds": 604800
              }
            ],
            "storage_class": "STANDARD",
            "terraform_labels": {
              "goog-terraform-provisioned": "true"
            },
            "timeouts": null,
            "uniform_bucket_level_access": true,
            "url": "gs://andresousa-pso-upskilling-function-bucket",
            "versioning": [],
            "website": []
          },
          "sensitive_attributes": [],
          "private": "eyJlMmJmYjczMC1lY2FhLTExZTYtOGY4OC0zNDM2M2JjN2M0YzAiOnsiY3JlYXRlIjo2MDAwMDAwMDAwMDAsInJlYWQiOjI0MDAwMDAwMDAwMCwidXBkYXRlIjoyNDAwMDAwMDAwMDB9LCJzY2hlbWFfdmVyc2lvbiI6IjMifQ=="
        }
      ]
    },
    {
      "mode": "managed",
      "type": "google_storage_bucket_object",
      "name": "function_code",
      "provider": "provider[\"registry.terraform.io/hashicorp/google\"]",
      "instances": [
        {
          "schema_version": 0,
          "attributes": {
            "bucket": "andresousa-pso-upskilling-function-bucket",
            "cache_control": "",
            "content": null,
            "content_disposition": "",
            "content_encoding": "",
            "content_language": "",
            "content_type": "application/zip",
            "crc32c": "tMJaZg==",
            "customer_encryption": [],
            "detect_md5hash": "TxyO4dbiKFqACDXGh6iuIA==",
            "event_based_hold": false,
            "generation": 1740406528848538,
            "id": "andresousa-pso-upskilling-function-bucket-function-source-4f1c8ee1d6e2285a800835c687a8ae20.zip",
            "kms_key_name": "",
            "md5hash": "TxyO4dbiKFqACDXGh6iuIA==",
            "media_link": "https://storage.googleapis.com/download/storage/v1/b/andresousa-pso-upskilling-function-bucket/o/function-source-4f1c8ee1d6e2285a800835c687a8ae20.zip?generation=1740406528848538\u0026alt=media",
            "metadata": null,
            "name": "function-source-4f1c8ee1d6e2285a800835c687a8ae20.zip",
            "output_name": "function-source-4f1c8ee1d6e2285a800835c687a8ae20.zip",
            "retention": [],
            "self_link": "https://www.googleapis.com/storage/v1/b/andresousa-pso-upskilling-function-bucket/o/function-source-4f1c8ee1d6e2285a800835c687a8ae20.zip",
            "source": "./function-source.zip",
            "storage_class": "STANDARD",
            "temporary_hold": false,
            "timeouts": null
          },
          "sensitive_attributes": [],
          "private": "eyJlMmJmYjczMC1lY2FhLTExZTYtOGY4OC0zNDM2M2JjN2M0YzAiOnsiY3JlYXRlIjoyNDAwMDAwMDAwMDAsImRlbGV0ZSI6MjQwMDAwMDAwMDAwLCJ1cGRhdGUiOjI0MDAwMDAwMDAwMH19",
          "dependencies": [
            "data.archive_file.source",
            "google_storage_bucket.function_bucket"
          ]
        }
      ]
    }
  ],
  "check_results": null
}
